# THIS IS AN AUTOGENERATED FILE. DO NOT EDIT THIS FILE DIRECTLY.
# yarn lockfile v1


"@types/node@^12.12.17":
  version "12.12.17"
  resolved "http://registry.npm.qima-inc.com/@types/node/download/@types/node-12.12.17.tgz#191b71e7f4c325ee0fb23bc4a996477d92b8c39b"
  integrity sha1-GRtx5/TDJe4PsjvEqZZHfZK4w5s=

commander@^4.0.1:
  version "4.0.1"
  resolved "https://registry.npm.taobao.org/commander/download/commander-4.0.1.tgz?cache=0&sync_timestamp=1573464098030&other_urls=https%3A%2F%2Fregistry.npm.taobao.org%2Fcommander%2Fdownload%2Fcommander-4.0.1.tgz#b67622721785993182e807f4883633e6401ba53c"
  integrity sha1-tnYicheFmTGC6Af0iDYz5kAbpTw=

de-indent@^1.0.2:
  version "1.0.2"
  resolved "http://registry.npm.qima-inc.com/de-indent/download/de-indent-1.0.2.tgz#b2038e846dc33baa5796128d0804b455b8c1e21d"
  integrity sha1-sgOOhG3DO6pXlhKNCAS0VbjB4h0=

fs-extra@^8.1.0:
  version "8.1.0"
  resolved "http://registry.npm.qima-inc.com/fs-extra/download/fs-extra-8.1.0.tgz#49d43c45a88cd9677668cb7be1b46efdb8d2e1c0"
  integrity sha1-SdQ8RaiM2Wd2aMt74bRu/bjS4cA=
  dependencies:
    graceful-fs "^4.2.0"
    jsonfile "^4.0.0"
    universalify "^0.1.0"

graceful-fs@^4.1.6, graceful-fs@^4.2.0:
  version "4.2.3"
  resolved "http://registry.npm.qima-inc.com/graceful-fs/download/graceful-fs-4.2.3.tgz#4a12ff1b60376ef09862c2093edd908328be8423"
  integrity sha1-ShL/G2A3bvCYYsIJPt2Qgyi+hCM=

he@^1.1.0:
  version "1.2.0"
  resolved "http://registry.npm.qima-inc.com/he/download/he-1.2.0.tgz#84ae65fa7eafb165fddb61566ae14baf05664f0f"
  integrity sha1-hK5l+n6vsWX922FWauFLrwVmTw8=

jsonfile@^4.0.0:
  version "4.0.0"
  resolved "http://registry.npm.qima-inc.com/jsonfile/download/jsonfile-4.0.0.tgz#8771aae0799b64076b76640fca058f9c10e33ecb"
  integrity sha1-h3Gq4HmbZAdrdmQPygWPnBDjPss=
  optionalDependencies:
    graceful-fs "^4.1.6"

typescript@^3.7.3:
  version "3.7.3"
  resolved "http://registry.npm.qima-inc.com/typescript/download/typescript-3.7.3.tgz#b36840668a16458a7025b9eabfad11b66ab85c69"
  integrity sha1-s2hAZooWRYpwJbnqv60Rtmq4XGk=

universalify@^0.1.0:
  version "0.1.2"
  resolved "http://registry.npm.qima-inc.com/universalify/download/universalify-0.1.2.tgz#b646f69be3942dabcecc9d6639c80dc105efaa66"
  integrity sha1-tkb2m+OULavOzJ1mOcgNwQXvqmY=

vue-template-compiler@^2.6.10:
  version "2.6.11"
  resolved "http://registry.npm.qima-inc.com/vue-template-compiler/download/vue-template-compiler-2.6.11.tgz#c04704ef8f498b153130018993e56309d4698080"
  integrity sha1-wEcE749JixUxMAGJk+VjCdRpgIA=
  dependencies:
    de-indent "^1.0.2"
    he "^1.1.0"

vue@^2.6.10:
  version "2.6.11"
  resolved "http://registry.npm.qima-inc.com/vue/download/vue-2.6.11.tgz#76594d877d4b12234406e84e35275c6d514125c5"
  integrity sha1-dllNh31LEiNEBuhONSdcbVFBJcU=
